
Microsoft Visual Studio Solution File, Format Version 12.00
# Visual Studio 15
VisualStudioVersion = 15.0.28307.572
MinimumVisualStudioVersion = 10.0.40219.1
Project("{FAE04EC0-301F-11D3-BF4B-00C04F79EFBC}") = "AutoUpdateRoute53", "AutoUpdateRoute53\AutoUpdateRoute53.csproj", "{F9414505-BC67-4E51-BD8A-C77D4354B0D8}"
EndProject
Project("{2150E333-8FDC-42A3-9474-1A3956D46DE8}") = "Solution Items", "Solution Items", "{6938D611-C22C-447E-8A59-8186E9184800}"
	ProjectSection(SolutionItems) = preProject
		Dockerfile = Dockerfile
	EndProjectSection
EndProject
Global
	GlobalSection(SolutionConfigurationPlatforms) = preSolution
		Debug|Any CPU = Debug|Any CPU
		Release|Any CPU = Release|Any CPU
	EndGlobalSection
	GlobalSection(ProjectConfigurationPlatforms) = postSolution
		{F9414505-BC67-4E51-BD8A-C77D4354B0D8}.Debug|Any CPU.ActiveCfg = Debug|Any CPU
		{F9414505-BC67-4E51-BD8A-C77D4354B0D8}.Debug|Any CPU.Build.0 = Debug|Any CPU
		{F9414505-BC67-4E51-BD8A-C77D4354B0D8}.Release|Any CPU.ActiveCfg = Release|Any CPU
		{F9414505-BC67-4E51-BD8A-C77D4354B0D8}.Release|Any CPU.Build.0 = Release|Any CPU
	EndGlobalSection
	GlobalSection(SolutionProperties) = preSolution
		HideSolutionNode = FALSE
	EndGlobalSection
	GlobalSection(ExtensibilityGlobals) = postSolution
		SolutionGuid = {11B8E9C3-8E62-4779-A729-28C91F4B2939}
	EndGlobalSection
EndGlobal
